// !$*UTF8*$!
{
	archiveVersion = 1;
	classes = {
	};
	objectVersion = 56;
	objects = {

/* Begin PBXBuildFile section */
		AE18AB3E29FEDBD600D547A0 /* ButtonOneView.swift in Sources */ = {isa = PBXBuildFile; fileRef = AE18AB3D29FEDBD600D547A0 /* ButtonOneView.swift */; };
		AE18AB4029FF071D00D547A0 /* AccountStatusView.swift in Sources */ = {isa = PBXBuildFile; fileRef = AE18AB3F29FF071D00D547A0 /* AccountStatusView.swift */; };
		AE35492929FC63DC00456673 /* LoginView.swift in Sources */ = {isa = PBXBuildFile; fileRef = AE35492829FC63DC00456673 /* LoginView.swift */; };
		AE35492B29FC6B6200456673 /* Color-Theme.swift in Sources */ = {isa = PBXBuildFile; fileRef = AE35492A29FC6B6200456673 /* Color-Theme.swift */; };
		AE44258D2A061FFA00ADD324 /* HomeView.swift in Sources */ = {isa = PBXBuildFile; fileRef = AE44258C2A061FFA00ADD324 /* HomeView.swift */; };
		AE45CA902A17A5B9004D9296 /* Room1.obj in Resources */ = {isa = PBXBuildFile; fileRef = AE45CA8F2A17A5B9004D9296 /* Room1.obj */; };
		AE45CAC22A17BD93004D9296 /* DeathBottle_Bottle.stl in Resources */ = {isa = PBXBuildFile; fileRef = AE45CAC12A17BD88004D9296 /* DeathBottle_Bottle.stl */; };
		AE45CAC42A17F981004D9296 /* ModelSceneView.swift in Sources */ = {isa = PBXBuildFile; fileRef = AE45CAC32A17F981004D9296 /* ModelSceneView.swift */; };
		AE4DD67B2A1285ED00F03AF2 /* ImagesView.swift in Sources */ = {isa = PBXBuildFile; fileRef = AE4DD67A2A1285ED00F03AF2 /* ImagesView.swift */; };
		AE53BC762A157905002B9977 /* GalleryView.swift in Sources */ = {isa = PBXBuildFile; fileRef = AE53BC752A157905002B9977 /* GalleryView.swift */; };
		AE62AAF82A193C7000A4EA05 /* point_cloud.stl in Resources */ = {isa = PBXBuildFile; fileRef = AE62AAF72A193C4400A4EA05 /* point_cloud.stl */; };
		AE7AF15929F9A7BE00079337 /* TridifyApp.swift in Sources */ = {isa = PBXBuildFile; fileRef = AE7AF15829F9A7BE00079337 /* TridifyApp.swift */; };
		AE7AF15B29F9A7BE00079337 /* ContentView.swift in Sources */ = {isa = PBXBuildFile; fileRef = AE7AF15A29F9A7BE00079337 /* ContentView.swift */; };
		AE7AF15D29F9A7BF00079337 /* Assets.xcassets in Resources */ = {isa = PBXBuildFile; fileRef = AE7AF15C29F9A7BF00079337 /* Assets.xcassets */; };
		AE7AF16029F9A7BF00079337 /* Preview Assets.xcassets in Resources */ = {isa = PBXBuildFile; fileRef = AE7AF15F29F9A7BF00079337 /* Preview Assets.xcassets */; };
		AE7F81AF29FA465C005073C8 /* onBoardingView.swift in Sources */ = {isa = PBXBuildFile; fileRef = AE7F81AE29FA465C005073C8 /* onBoardingView.swift */; };
		AEB9E94F2A355AB6002F8609 /* Cottage.stl in Resources */ = {isa = PBXBuildFile; fileRef = AEB9E94D2A3554DF002F8609 /* Cottage.stl */; };
		AEB9E9502A355ABB002F8609 /* Hammer.stl in Resources */ = {isa = PBXBuildFile; fileRef = AEB9E94E2A355758002F8609 /* Hammer.stl */; };
		AEBAC85F2A1A941E00F2CFF6 /* SendView.swift in Sources */ = {isa = PBXBuildFile; fileRef = AEBAC85E2A1A941E00F2CFF6 /* SendView.swift */; };
		AED440B529FB94510083FDC1 /* LogoView.swift in Sources */ = {isa = PBXBuildFile; fileRef = AED440B429FB94510083FDC1 /* LogoView.swift */; };
		AEEC4D122A110F5D009F1F09 /* CameraService.swift in Sources */ = {isa = PBXBuildFile; fileRef = AEEC4D112A110F5D009F1F09 /* CameraService.swift */; };
		AEEC4D142A1122F3009F1F09 /* CameraView.swift in Sources */ = {isa = PBXBuildFile; fileRef = AEEC4D132A1122F3009F1F09 /* CameraView.swift */; };
		AEEC4D162A112B51009F1F09 /* CustomCameraView.swift in Sources */ = {isa = PBXBuildFile; fileRef = AEEC4D152A112B51009F1F09 /* CustomCameraView.swift */; };
/* End PBXBuildFile section */

/* Begin PBXFileReference section */
		AE18AB3D29FEDBD600D547A0 /* ButtonOneView.swift */ = {isa = PBXFileReference; lastKnownFileType = sourcecode.swift; path = ButtonOneView.swift; sourceTree = "<group>"; };
		AE18AB3F29FF071D00D547A0 /* AccountStatusView.swift */ = {isa = PBXFileReference; lastKnownFileType = sourcecode.swift; path = AccountStatusView.swift; sourceTree = "<group>"; };
		AE35492829FC63DC00456673 /* LoginView.swift */ = {isa = PBXFileReference; lastKnownFileType = sourcecode.swift; path = LoginView.swift; sourceTree = "<group>"; };
		AE35492A29FC6B6200456673 /* Color-Theme.swift */ = {isa = PBXFileReference; lastKnownFileType = sourcecode.swift; path = "Color-Theme.swift"; sourceTree = "<group>"; };
		AE44258C2A061FFA00ADD324 /* HomeView.swift */ = {isa = PBXFileReference; lastKnownFileType = sourcecode.swift; path = HomeView.swift; sourceTree = "<group>"; };
		AE45CA8F2A17A5B9004D9296 /* Room1.obj */ = {isa = PBXFileReference; fileEncoding = 4; lastKnownFileType = text; path = Room1.obj; sourceTree = "<group>"; };
		AE45CABE2A17B870004D9296 /* Info.plist */ = {isa = PBXFileReference; fileEncoding = 4; lastKnownFileType = text.plist.xml; path = Info.plist; sourceTree = "<group>"; };
		AE45CAC12A17BD88004D9296 /* DeathBottle_Bottle.stl */ = {isa = PBXFileReference; lastKnownFileType = file; path = DeathBottle_Bottle.stl; sourceTree = "<group>"; };
		AE45CAC32A17F981004D9296 /* ModelSceneView.swift */ = {isa = PBXFileReference; lastKnownFileType = sourcecode.swift; path = ModelSceneView.swift; sourceTree = "<group>"; };
		AE4DD67A2A1285ED00F03AF2 /* ImagesView.swift */ = {isa = PBXFileReference; lastKnownFileType = sourcecode.swift; path = ImagesView.swift; sourceTree = "<group>"; };
		AE53BC752A157905002B9977 /* GalleryView.swift */ = {isa = PBXFileReference; lastKnownFileType = sourcecode.swift; path = GalleryView.swift; sourceTree = "<group>"; };
		AE62AAF72A193C4400A4EA05 /* point_cloud.stl */ = {isa = PBXFileReference; lastKnownFileType = file; path = point_cloud.stl; sourceTree = "<group>"; };
		AE7AF15529F9A7BE00079337 /* Tridify.app */ = {isa = PBXFileReference; explicitFileType = wrapper.application; includeInIndex = 0; path = Tridify.app; sourceTree = BUILT_PRODUCTS_DIR; };
		AE7AF15829F9A7BE00079337 /* TridifyApp.swift */ = {isa = PBXFileReference; lastKnownFileType = sourcecode.swift; path = TridifyApp.swift; sourceTree = "<group>"; };
		AE7AF15A29F9A7BE00079337 /* ContentView.swift */ = {isa = PBXFileReference; lastKnownFileType = sourcecode.swift; path = ContentView.swift; sourceTree = "<group>"; };
		AE7AF15C29F9A7BF00079337 /* Assets.xcassets */ = {isa = PBXFileReference; lastKnownFileType = folder.assetcatalog; path = Assets.xcassets; sourceTree = "<group>"; };
		AE7AF15F29F9A7BF00079337 /* Preview Assets.xcassets */ = {isa = PBXFileReference; lastKnownFileType = folder.assetcatalog; path = "Preview Assets.xcassets"; sourceTree = "<group>"; };
		AE7F81AE29FA465C005073C8 /* onBoardingView.swift */ = {isa = PBXFileReference; lastKnownFileType = sourcecode.swift; path = onBoardingView.swift; sourceTree = "<group>"; };
		AEB9E94D2A3554DF002F8609 /* Cottage.stl */ = {isa = PBXFileReference; lastKnownFileType = file; path = Cottage.stl; sourceTree = "<group>"; };
		AEB9E94E2A355758002F8609 /* Hammer.stl */ = {isa = PBXFileReference; lastKnownFileType = file; path = Hammer.stl; sourceTree = "<group>"; };
		AEBAC85E2A1A941E00F2CFF6 /* SendView.swift */ = {isa = PBXFileReference; lastKnownFileType = sourcecode.swift; path = SendView.swift; sourceTree = "<group>"; };
		AED440B429FB94510083FDC1 /* LogoView.swift */ = {isa = PBXFileReference; lastKnownFileType = sourcecode.swift; path = LogoView.swift; sourceTree = "<group>"; };
		AEEC4D112A110F5D009F1F09 /* CameraService.swift */ = {isa = PBXFileReference; lastKnownFileType = sourcecode.swift; path = CameraService.swift; sourceTree = "<group>"; };
		AEEC4D132A1122F3009F1F09 /* CameraView.swift */ = {isa = PBXFileReference; lastKnownFileType = sourcecode.swift; path = CameraView.swift; sourceTree = "<group>"; };
		AEEC4D152A112B51009F1F09 /* CustomCameraView.swift */ = {isa = PBXFileReference; lastKnownFileType = sourcecode.swift; path = CustomCameraView.swift; sourceTree = "<group>"; };
/* End PBXFileReference section */

/* Begin PBXFrameworksBuildPhase section */
		AE7AF15229F9A7BE00079337 /* Frameworks */ = {
			isa = PBXFrameworksBuildPhase;
			buildActionMask = 2147483647;
			files = (
			);
			runOnlyForDeploymentPostprocessing = 0;
		};
/* End PBXFrameworksBuildPhase section */

/* Begin PBXGroup section */
		AE7AF14C29F9A7BE00079337 = {
			isa = PBXGroup;
			children = (
				AE7AF15729F9A7BE00079337 /* Tridify */,
				AE7AF15629F9A7BE00079337 /* Products */,
			);
			sourceTree = "<group>";
		};
		AE7AF15629F9A7BE00079337 /* Products */ = {
			isa = PBXGroup;
			children = (
				AE7AF15529F9A7BE00079337 /* Tridify.app */,
			);
			name = Products;
			sourceTree = "<group>";
		};
		AE7AF15729F9A7BE00079337 /* Tridify */ = {
			isa = PBXGroup;
			children = (
				AE45CABE2A17B870004D9296 /* Info.plist */,
				AE7AF15829F9A7BE00079337 /* TridifyApp.swift */,
				AE62AAF72A193C4400A4EA05 /* point_cloud.stl */,
				AE45CAC12A17BD88004D9296 /* DeathBottle_Bottle.stl */,
				AEB9E94D2A3554DF002F8609 /* Cottage.stl */,
				AEB9E94E2A355758002F8609 /* Hammer.stl */,
				AE45CA8F2A17A5B9004D9296 /* Room1.obj */,
				AEEC4D0D2A110CC5009F1F09 /* Screens */,
				AEEC4D0E2A110D32009F1F09 /* UtilitiesViews */,
				AEEC4D0F2A110D76009F1F09 /* Utilities */,
				AEEC4D102A110F39009F1F09 /* Camera */,
				AE7AF15C29F9A7BF00079337 /* Assets.xcassets */,
				AE7AF15E29F9A7BF00079337 /* Preview Content */,
			);
			path = Tridify;
			sourceTree = "<group>";
		};
		AE7AF15E29F9A7BF00079337 /* Preview Content */ = {
			isa = PBXGroup;
			children = (
				AE7AF15F29F9A7BF00079337 /* Preview Assets.xcassets */,
			);
			path = "Preview Content";
			sourceTree = "<group>";
		};
		AEEC4D0D2A110CC5009F1F09 /* Screens */ = {
			isa = PBXGroup;
			children = (
				AE7AF15A29F9A7BE00079337 /* ContentView.swift */,
				AE44258C2A061FFA00ADD324 /* HomeView.swift */,
				AE7F81AE29FA465C005073C8 /* onBoardingView.swift */,
				AE35492829FC63DC00456673 /* LoginView.swift */,
				AEEC4D152A112B51009F1F09 /* CustomCameraView.swift */,
				AE4DD67A2A1285ED00F03AF2 /* ImagesView.swift */,
				AE53BC752A157905002B9977 /* GalleryView.swift */,
				AE45CAC32A17F981004D9296 /* ModelSceneView.swift */,
				AEBAC85E2A1A941E00F2CFF6 /* SendView.swift */,
			);
			path = Screens;
			sourceTree = "<group>";
		};
		AEEC4D0E2A110D32009F1F09 /* UtilitiesViews */ = {
			isa = PBXGroup;
			children = (
				AE18AB3F29FF071D00D547A0 /* AccountStatusView.swift */,
				AE18AB3D29FEDBD600D547A0 /* ButtonOneView.swift */,
				AED440B429FB94510083FDC1 /* LogoView.swift */,
			);
			path = UtilitiesViews;
			sourceTree = "<group>";
		};
		AEEC4D0F2A110D76009F1F09 /* Utilities */ = {
			isa = PBXGroup;
			children = (
				AE35492A29FC6B6200456673 /* Color-Theme.swift */,
			);
			path = Utilities;
			sourceTree = "<group>";
		};
		AEEC4D102A110F39009F1F09 /* Camera */ = {
			isa = PBXGroup;
			children = (
				AEEC4D112A110F5D009F1F09 /* CameraService.swift */,
				AEEC4D132A1122F3009F1F09 /* CameraView.swift */,
			);
			path = Camera;
			sourceTree = "<group>";
		};
/* End PBXGroup section */

/* Begin PBXNativeTarget section */
		AE7AF15429F9A7BE00079337 /* Tridify */ = {
			isa = PBXNativeTarget;
			buildConfigurationList = AE7AF16329F9A7BF00079337 /* Build configuration list for PBXNativeTarget "Tridify" */;
			buildPhases = (
				AE7AF15129F9A7BE00079337 /* Sources */,
				AE7AF15229F9A7BE00079337 /* Frameworks */,
				AE7AF15329F9A7BE00079337 /* Resources */,
			);
			buildRules = (
			);
			dependencies = (
			);
			name = Tridify;
			packageProductDependencies = (
			);
			productName = Tridify;
			productReference = AE7AF15529F9A7BE00079337 /* Tridify.app */;
			productType = "com.apple.product-type.application";
		};
/* End PBXNativeTarget section */

/* Begin PBXProject section */
		AE7AF14D29F9A7BE00079337 /* Project object */ = {
			isa = PBXProject;
			attributes = {
				BuildIndependentTargetsInParallel = 1;
				LastSwiftUpdateCheck = 1420;
				LastUpgradeCheck = 1420;
				TargetAttributes = {
					AE7AF15429F9A7BE00079337 = {
						CreatedOnToolsVersion = 14.2;
					};
				};
			};
			buildConfigurationList = AE7AF15029F9A7BE00079337 /* Build configuration list for PBXProject "Tridify" */;
			compatibilityVersion = "Xcode 14.0";
			developmentRegion = en;
			hasScannedForEncodings = 0;
			knownRegions = (
				en,
				Base,
			);
			mainGroup = AE7AF14C29F9A7BE00079337;
			packageReferences = (
				AE53BC772A157C8F002B9977 /* XCRemoteSwiftPackageReference "Model3DView" */,
			);
			productRefGroup = AE7AF15629F9A7BE00079337 /* Products */;
			projectDirPath = "";
			projectRoot = "";
			targets = (
				AE7AF15429F9A7BE00079337 /* Tridify */,
			);
		};
/* End PBXProject section */

/* Begin PBXResourcesBuildPhase section */
		AE7AF15329F9A7BE00079337 /* Resources */ = {
			isa = PBXResourcesBuildPhase;
			buildActionMask = 2147483647;
			files = (
				AEB9E9502A355ABB002F8609 /* Hammer.stl in Resources */,
				AEB9E94F2A355AB6002F8609 /* Cottage.stl in Resources */,
				AE62AAF82A193C7000A4EA05 /* point_cloud.stl in Resources */,
				AE45CAC22A17BD93004D9296 /* DeathBottle_Bottle.stl in Resources */,
				AE7AF16029F9A7BF00079337 /* Preview Assets.xcassets in Resources */,
				AE45CA902A17A5B9004D9296 /* Room1.obj in Resources */,
				AE7AF15D29F9A7BF00079337 /* Assets.xcassets in Resources */,
			);
			runOnlyForDeploymentPostprocessing = 0;
		};
/* End PBXResourcesBuildPhase section */

/* Begin PBXSourcesBuildPhase section */
		AE7AF15129F9A7BE00079337 /* Sources */ = {
			isa = PBXSourcesBuildPhase;
			buildActionMask = 2147483647;
			files = (
				AEEC4D122A110F5D009F1F09 /* CameraService.swift in Sources */,
				AE44258D2A061FFA00ADD324 /* HomeView.swift in Sources */,
				AED440B529FB94510083FDC1 /* LogoView.swift in Sources */,
				AE4DD67B2A1285ED00F03AF2 /* ImagesView.swift in Sources */,
				AEEC4D142A1122F3009F1F09 /* CameraView.swift in Sources */,
				AEEC4D162A112B51009F1F09 /* CustomCameraView.swift in Sources */,
				AE18AB3E29FEDBD600D547A0 /* ButtonOneView.swift in Sources */,
				AE53BC762A157905002B9977 /* GalleryView.swift in Sources */,
				AE35492B29FC6B6200456673 /* Color-Theme.swift in Sources */,
				AE45CAC42A17F981004D9296 /* ModelSceneView.swift in Sources */,
				AE7F81AF29FA465C005073C8 /* onBoardingView.swift in Sources */,
				AE7AF15B29F9A7BE00079337 /* ContentView.swift in Sources */,
				AE35492929FC63DC00456673 /* LoginView.swift in Sources */,
				AE18AB4029FF071D00D547A0 /* AccountStatusView.swift in Sources */,
				AEBAC85F2A1A941E00F2CFF6 /* SendView.swift in Sources */,
				AE7AF15929F9A7BE00079337 /* TridifyApp.swift in Sources */,
			);
			runOnlyForDeploymentPostprocessing = 0;
		};
/* End PBXSourcesBuildPhase section */

/* Begin XCBuildConfiguration section */
		AE7AF16129F9A7BF00079337 /* Debug */ = {
			isa = XCBuildConfiguration;
			buildSettings = {
				ALWAYS_SEARCH_USER_PATHS = NO;
				CLANG_ANALYZER_NONNULL = YES;
				CLANG_ANALYZER_NUMBER_OBJECT_CONVERSION = YES_AGGRESSIVE;
				CLANG_CXX_LANGUAGE_STANDARD = "gnu++20";
				CLANG_ENABLE_MODULES = YES;
				CLANG_ENABLE_OBJC_ARC = YES;
				CLANG_ENABLE_OBJC_WEAK = YES;
				CLANG_WARN_BLOCK_CAPTURE_AUTORELEASING = YES;
				CLANG_WARN_BOOL_CONVERSION = YES;
				CLANG_WARN_COMMA = YES;
				CLANG_WARN_CONSTANT_CONVERSION = YES;
				CLANG_WARN_DEPRECATED_OBJC_IMPLEMENTATIONS = YES;
				CLANG_WARN_DIRECT_OBJC_ISA_USAGE = YES_ERROR;
				CLANG_WARN_DOCUMENTATION_COMMENTS = YES;
				CLANG_WARN_EMPTY_BODY = YES;
				CLANG_WARN_ENUM_CONVERSION = YES;
				CLANG_WARN_INFINITE_RECURSION = YES;
				CLANG_WARN_INT_CONVERSION = YES;
				CLANG_WARN_NON_LITERAL_NULL_CONVERSION = YES;
				CLANG_WARN_OBJC_IMPLICIT_RETAIN_SELF = YES;
				CLANG_WARN_OBJC_LITERAL_CONVERSION = YES;
				CLANG_WARN_OBJC_ROOT_CLASS = YES_ERROR;
				CLANG_WARN_QUOTED_INCLUDE_IN_FRAMEWORK_HEADER = YES;
				CLANG_WARN_RANGE_LOOP_ANALYSIS = YES;
				CLANG_WARN_STRICT_PROTOTYPES = YES;
				CLANG_WARN_SUSPICIOUS_MOVE = YES;
				CLANG_WARN_UNGUARDED_AVAILABILITY = YES_AGGRESSIVE;
				CLANG_WARN_UNREACHABLE_CODE = YES;
				CLANG_WARN__DUPLICATE_METHOD_MATCH = YES;
				COPY_PHASE_STRIP = NO;
				DEBUG_INFORMATION_FORMAT = dwarf;
				ENABLE_STRICT_OBJC_MSGSEND = YES;
				ENABLE_TESTABILITY = YES;
				GCC_C_LANGUAGE_STANDARD = gnu11;
				GCC_DYNAMIC_NO_PIC = NO;
				GCC_NO_COMMON_BLOCKS = YES;
				GCC_OPTIMIZATION_LEVEL = 0;
				GCC_PREPROCESSOR_DEFINITIONS = (
					"DEBUG=1",
					"$(inherited)",
				);
				GCC_WARN_64_TO_32_BIT_CONVERSION = YES;
				GCC_WARN_ABOUT_RETURN_TYPE = YES_ERROR;
				GCC_WARN_UNDECLARED_SELECTOR = YES;
				GCC_WARN_UNINITIALIZED_AUTOS = YES_AGGRESSIVE;
				GCC_WARN_UNUSED_FUNCTION = YES;
				GCC_WARN_UNUSED_VARIABLE = YES;
				IPHONEOS_DEPLOYMENT_TARGET = 16.2;
				MTL_ENABLE_DEBUG_INFO = INCLUDE_SOURCE;
				MTL_FAST_MATH = YES;
				ONLY_ACTIVE_ARCH = YES;
				SDKROOT = iphoneos;
				SWIFT_ACTIVE_COMPILATION_CONDITIONS = DEBUG;
				SWIFT_OPTIMIZATION_LEVEL = "-Onone";
			};
			name = Debug;
		};
		AE7AF16229F9A7BF00079337 /* Release */ = {
			isa = XCBuildConfiguration;
			buildSettings = {
				ALWAYS_SEARCH_USER_PATHS = NO;
				CLANG_ANALYZER_NONNULL = YES;
				CLANG_ANALYZER_NUMBER_OBJECT_CONVERSION = YES_AGGRESSIVE;
				CLANG_CXX_LANGUAGE_STANDARD = "gnu++20";
				CLANG_ENABLE_MODULES = YES;
				CLANG_ENABLE_OBJC_ARC = YES;
				CLANG_ENABLE_OBJC_WEAK = YES;
				CLANG_WARN_BLOCK_CAPTURE_AUTORELEASING = YES;
				CLANG_WARN_BOOL_CONVERSION = YES;
				CLANG_WARN_COMMA = YES;
				CLANG_WARN_CONSTANT_CONVERSION = YES;
				CLANG_WARN_DEPRECATED_OBJC_IMPLEMENTATIONS = YES;
				CLANG_WARN_DIRECT_OBJC_ISA_USAGE = YES_ERROR;
				CLANG_WARN_DOCUMENTATION_COMMENTS = YES;
				CLANG_WARN_EMPTY_BODY = YES;
				CLANG_WARN_ENUM_CONVERSION = YES;
				CLANG_WARN_INFINITE_RECURSION = YES;
				CLANG_WARN_INT_CONVERSION = YES;
				CLANG_WARN_NON_LITERAL_NULL_CONVERSION = YES;
				CLANG_WARN_OBJC_IMPLICIT_RETAIN_SELF = YES;
				CLANG_WARN_OBJC_LITERAL_CONVERSION = YES;
				CLANG_WARN_OBJC_ROOT_CLASS = YES_ERROR;
				CLANG_WARN_QUOTED_INCLUDE_IN_FRAMEWORK_HEADER = YES;
				CLANG_WARN_RANGE_LOOP_ANALYSIS = YES;
				CLANG_WARN_STRICT_PROTOTYPES = YES;
				CLANG_WARN_SUSPICIOUS_MOVE = YES;
				CLANG_WARN_UNGUARDED_AVAILABILITY = YES_AGGRESSIVE;
				CLANG_WARN_UNREACHABLE_CODE = YES;
				CLANG_WARN__DUPLICATE_METHOD_MATCH = YES;
				COPY_PHASE_STRIP = NO;
				DEBUG_INFORMATION_FORMAT = "dwarf-with-dsym";
				ENABLE_NS_ASSERTIONS = NO;
				ENABLE_STRICT_OBJC_MSGSEND = YES;
				GCC_C_LANGUAGE_STANDARD = gnu11;
				GCC_NO_COMMON_BLOCKS = YES;
				GCC_WARN_64_TO_32_BIT_CONVERSION = YES;
				GCC_WARN_ABOUT_RETURN_TYPE = YES_ERROR;
				GCC_WARN_UNDECLARED_SELECTOR = YES;
				GCC_WARN_UNINITIALIZED_AUTOS = YES_AGGRESSIVE;
				GCC_WARN_UNUSED_FUNCTION = YES;
				GCC_WARN_UNUSED_VARIABLE = YES;
				IPHONEOS_DEPLOYMENT_TARGET = 16.2;
				MTL_ENABLE_DEBUG_INFO = NO;
				MTL_FAST_MATH = YES;
				SDKROOT = iphoneos;
				SWIFT_COMPILATION_MODE = wholemodule;
				SWIFT_OPTIMIZATION_LEVEL = "-O";
				VALIDATE_PRODUCT = YES;
			};
			name = Release;
		};
		AE7AF16429F9A7BF00079337 /* Debug */ = {
			isa = XCBuildConfiguration;
			buildSettings = {
				ASSETCATALOG_COMPILER_APPICON_NAME = AppIcon;
				ASSETCATALOG_COMPILER_GLOBAL_ACCENT_COLOR_NAME = AccentColor;
				ASSETCATALOG_COMPILER_INCLUDE_ALL_APPICON_ASSETS = NO;
				CODE_SIGN_STYLE = Automatic;
				CURRENT_PROJECT_VERSION = 1;
				DEVELOPMENT_ASSET_PATHS = "\"Tridify/Preview Content\"";
				DEVELOPMENT_TEAM = 8W9A8SVCVY;
				ENABLE_PREVIEWS = YES;
				GENERATE_INFOPLIST_FILE = YES;
				INFOPLIST_FILE = Tridify/Info.plist;
				INFOPLIST_KEY_NSCameraUsageDescription = "Take photos";
				INFOPLIST_KEY_UIApplicationSceneManifest_Generation = YES;
				INFOPLIST_KEY_UIApplicationSupportsIndirectInputEvents = YES;
				INFOPLIST_KEY_UISupportedInterfaceOrientations = UIInterfaceOrientationPortrait;
				INFOPLIST_KEY_UISupportedInterfaceOrientations_iPad = "UIInterfaceOrientationLandscapeLeft UIInterfaceOrientationLandscapeRight UIInterfaceOrientationPortrait UIInterfaceOrientationPortraitUpsideDown";
				LD_RUNPATH_SEARCH_PATHS = (
					"$(inherited)",
					"@executable_path/Frameworks",
				);
				MARKETING_VERSION = 1.0;
				PRODUCT_BUNDLE_IDENTIFIER = example.Tridify;
				PRODUCT_NAME = "$(TARGET_NAME)";
				SWIFT_EMIT_LOC_STRINGS = YES;
				SWIFT_VERSION = 5.0;
				TARGETED_DEVICE_FAMILY = "1,2";
			};
			name = Debug;
		};
		AE7AF16529F9A7BF00079337 /* Release */ = {
			isa = XCBuildConfiguration;
			buildSettings = {
				ASSETCATALOG_COMPILER_APPICON_NAME = AppIcon;
				ASSETCATALOG_COMPILER_GLOBAL_ACCENT_COLOR_NAME = AccentColor;
				ASSETCATALOG_COMPILER_INCLUDE_ALL_APPICON_ASSETS = NO;
				CODE_SIGN_STYLE = Automatic;
				CURRENT_PROJECT_VERSION = 1;
				DEVELOPMENT_ASSET_PATHS = "\"Tridify/Preview Content\"";
				DEVELOPMENT_TEAM = 8W9A8SVCVY;
				ENABLE_PREVIEWS = YES;
				GENERATE_INFOPLIST_FILE = YES;
				INFOPLIST_FILE = Tridify/Info.plist;
				INFOPLIST_KEY_NSCameraUsageDescription = "Take photos";
				INFOPLIST_KEY_UIApplicationSceneManifest_Generation = YES;
				INFOPLIST_KEY_UIApplicationSupportsIndirectInputEvents = YES;
				INFOPLIST_KEY_UISupportedInterfaceOrientations = UIInterfaceOrientationPortrait;
				INFOPLIST_KEY_UISupportedInterfaceOrientations_iPad = "UIInterfaceOrientationLandscapeLeft UIInterfaceOrientationLandscapeRight UIInterfaceOrientationPortrait UIInterfaceOrientationPortraitUpsideDown";
				LD_RUNPATH_SEARCH_PATHS = (
					"$(inherited)",
					"@executable_path/Frameworks",
				);
				MARKETING_VERSION = 1.0;
				PRODUCT_BUNDLE_IDENTIFIER = example.Tridify;
				PRODUCT_NAME = "$(TARGET_NAME)";
				SWIFT_EMIT_LOC_STRINGS = YES;
				SWIFT_VERSION = 5.0;
				TARGETED_DEVICE_FAMILY = "1,2";
			};
			name = Release;
		};
/* End XCBuildConfiguration section */

/* Begin XCConfigurationList section */
		AE7AF15029F9A7BE00079337 /* Build configuration list for PBXProject "Tridify" */ = {
			isa = XCConfigurationList;
			buildConfigurations = (
				AE7AF16129F9A7BF00079337 /* Debug */,
				AE7AF16229F9A7BF00079337 /* Release */,
			);
			defaultConfigurationIsVisible = 0;
			defaultConfigurationName = Release;
		};
		AE7AF16329F9A7BF00079337 /* Build configuration list for PBXNativeTarget "Tridify" */ = {
			isa = XCConfigurationList;
			buildConfigurations = (
				AE7AF16429F9A7BF00079337 /* Debug */,
				AE7AF16529F9A7BF00079337 /* Release */,
			);
			defaultConfigurationIsVisible = 0;
			defaultConfigurationName = Release;
		};
/* End XCConfigurationList section */

/* Begin XCRemoteSwiftPackageReference section */
		AE53BC772A157C8F002B9977 /* XCRemoteSwiftPackageReference "Model3DView" */ = {
			isa = XCRemoteSwiftPackageReference;
			repositoryURL = "https://github.com/frzi/Model3DView.git";
			requirement = {
				kind = upToNextMajorVersion;
				minimumVersion = 0.1.1;
			};
		};
/* End XCRemoteSwiftPackageReference section */
	};
	rootObject = AE7AF14D29F9A7BE00079337 /* Project object */;
}
